
Microsoft Visual Studio Solution File, Format Version 12.00
# Visual Studio Version 16
VisualStudioVersion = 16.0.33214.272
MinimumVisualStudioVersion = 10.0.40219.1
Project("{FAE04EC0-301F-11D3-BF4B-00C04F79EFBC}") = "Calculator", "Calculator\Calculator.csproj", "{F842BDAB-4DAE-449C-A8C2-039E72F4D0D3}"
EndProject
Global
	GlobalSection(SolutionConfigurationPlatforms) = preSolution
		Debug|Any CPU = Debug|Any CPU
		Release|Any CPU = Release|Any CPU
	EndGlobalSection
	GlobalSection(ProjectConfigurationPlatforms) = postSolution
		{F842BDAB-4DAE-449C-A8C2-039E72F4D0D3}.Debug|Any CPU.ActiveCfg = Debug|Any CPU
		{F842BDAB-4DAE-449C-A8C2-039E72F4D0D3}.Debug|Any CPU.Build.0 = Debug|Any CPU
		{F842BDAB-4DAE-449C-A8C2-039E72F4D0D3}.Release|Any CPU.ActiveCfg = Release|Any CPU
		{F842BDAB-4DAE-449C-A8C2-039E72F4D0D3}.Release|Any CPU.Build.0 = Release|Any CPU
	EndGlobalSection
	GlobalSection(SolutionProperties) = preSolution
		HideSolutionNode = FALSE
	EndGlobalSection
	GlobalSection(ExtensibilityGlobals) = postSolution
		SolutionGuid = {68A320E5-EFFB-4E78-9D55-C3D287FA01F2}
	EndGlobalSection
EndGlobal
